{
  "requires": true,
  "lockfileVersion": 1,
  "dependencies": {
    "viewerjs": {
      "version": "1.0.1",
      "resolved": "https://registry.npmjs.org/viewerjs/-/viewerjs-1.0.1.tgz",
      "integrity": "sha512-Kj9umuAfheN43Ak2PBqV8kb7f0BbdNA1DRi6xoCV+Dg0urAw9XXha+eWedZd9YyOkybti6YJIuhljNZlwuiQbQ=="
    }
  }
}
